github.com/golang/glog v0.0.0-20160126235308-23def4e6c14b/go.mod h1:SBH7ygxi8pfUlaOkMMuAQtPIUF8ecWP5IEl/CR7VP2Q=
github.com/kidoman/embd v0.0.0-20170508013040-d3d8c0c5c68d/go.mod h1:ACKj9jnzOzj1lw2ETilpFGK7L9dtJhAzT7T1OhAGtRQ=
github.com/reef-pi/hal v0.0.0-20200226044219-163a37bab6d9 h1:OyeCPwOa5pUycf6zG/5Jb8SWAeK1Irux1Ufyhd8bRPg=
github.com/reef-pi/hal v0.0.0-20200226044219-163a37bab6d9/go.mod h1:ymcJ0AbYfWXT1vyAbXOjKtWaFdCv1HHYmXDMWxJSWSM=
github.com/reef-pi/rpi v0.0.0-20200229061810-6283c62b9e14 h1:N7F7b8D1bGUsePsEjJnqMKfjXpHViHz3egL0wXJgreM=
github.com/reef-pi/rpi v0.0.0-20200229061810-6283c62b9e14/go.mod h1:5PNbwDvPaOVz4YBU0Lug4ynE+sI9Ma5tmJxBBvvJohI=
