github.com/golang/glog v0.0.0-20160126235308-23def4e6c14b/go.mod h1:SBH7ygxi8pfUlaOkMMuAQtPIUF8ecWP5IEl/CR7VP2Q=
github.com/hajimehoshi/go-mp3 v0.3.2 h1:xSYNE2F3lxtOu9BRjCWHHceg7S91IHfXfXp5+LYQI7s=
github.com/hajimehoshi/go-mp3 v0.3.2/go.mod h1:qMJj/CSDxx6CGHiZeCgbiq2DSUkbK0UbtXShQcnfyMM=
github.com/hajimehoshi/oto v0.6.1 h1:7cJz/zRQV4aJvMSSRqzN2TImoVVMpE0BCY4nrNJaDOM=
github.com/hajimehoshi/oto v0.6.1/go.mod h1:0QXGEkbuJRohbJaxr7ZQSxnju7hEhseiPx2hrh6raOI=
github.com/reef-pi/embd v0.0.0-20200823212911-23a8c07341dd/go.mod h1:vLR1mLVXpivVlbXyVJ4CdsUpOoyDWas+xjikOIzVV0g=
github.com/reef-pi/hal v0.0.0-20210110092437-fc2d84fd0cbf/go.mod h1:ymcJ0AbYfWXT1vyAbXOjKtWaFdCv1HHYmXDMWxJSWSM=
github.com/reef-pi/hal v0.0.0-20210110194416-096527efd4a0 h1:NcNTQVeL3vOTfqigD2Tibea3XYY9IxmHL8IhqGiBn1k=
github.com/reef-pi/hal v0.0.0-20210110194416-096527efd4a0/go.mod h1:ymcJ0AbYfWXT1vyAbXOjKtWaFdCv1HHYmXDMWxJSWSM=
github.com/reef-pi/rpi v0.0.0-20210110190550-4a62beb1f4c9 h1:UJ+NLY9GdT2ZXZ8TcqewzD8UiN25nw2ZKvxq93Tym+k=
github.com/reef-pi/rpi v0.0.0-20210110190550-4a62beb1f4c9/go.mod h1:oEr6GwCDxbTkZ1smChnN2r2ggB+y7A4AuFkiuDxiKiQ=
golang.org/x/exp v0.0.0-20190306152737-a1d7652674e8 h1:idBdZTd9UioThJp8KpM/rTSinK/ChZFBE43/WtIy8zg=
golang.org/x/exp v0.0.0-20190306152737-a1d7652674e8/go.mod h1:CJ0aWSM057203Lf6IL+f9T1iT9GByDxfZKAQTCR3kQA=
golang.org/x/image v0.0.0-20190227222117-0694c2d4d067 h1:KYGJGHOQy8oSi1fDlSpcZF0+juKwk/hEMv5SiwHogR0=
golang.org/x/image v0.0.0-20190227222117-0694c2d4d067/go.mod h1:kZ7UVZpmo3dzQBMxlp+ypCbDeSB+sBbTgSJuh5dn5js=
golang.org/x/mobile v0.0.0-20190415191353-3e0bab5405d6 h1:vyLBGJPIl9ZYbcQFM2USFmJBK6KI+t+z6jL0lbwjrnc=
golang.org/x/mobile v0.0.0-20190415191353-3e0bab5405d6/go.mod h1:E/iHnbuqvinMTCcRqshq8CkpyQDoeVncDDYHnLhea+o=
golang.org/x/sys v0.0.0-20190312061237-fead79001313/go.mod h1:h1NjWce9XRLGQEsW7wpKNCjG9DtNlClVuFLEZdDNbEs=
golang.org/x/sys v0.0.0-20190429190828-d89cdac9e872 h1:cGjJzUd8RgBw428LXP65YXni0aiGNA4Bl+ls8SmLOm8=
golang.org/x/sys v0.0.0-20190429190828-d89cdac9e872/go.mod h1:h1NjWce9XRLGQEsW7wpKNCjG9DtNlClVuFLEZdDNbEs=
golang.org/x/text v0.3.0/go.mod h1:NqM8EUOU14njkJ3fqMW+pc6Ldnwhi/IjpwHt7yyuwOQ=
