# This file is autogenerated, do not edit; changes may be undone by the next 'dep ensure'.


[[projects]]
  branch = "master"
  digest = "1:d42efd1125c54e0a4e625959feb043d6791960bfd47e99af4aa730aa66470b79"
  name = "github.com/reef-pi/hal"
  packages = ["."]
  pruneopts = "UT"
  revision = "75ffcaf9358b0a446e600e22a6bacfef8d6f1507"

[[projects]]
  branch = "master"
  digest = "1:692c66cd5ea026fb3e2489befaff2911df90854f9ff9dc6721ff11768877a489"
  name = "github.com/reef-pi/rpi"
  packages = ["i2c"]
  pruneopts = "UT"
  revision = "c267e5c3bcadf7bf5e0d2e984404a20904747d32"

[solve-meta]
  analyzer-name = "dep"
  analyzer-version = 1
  input-imports = [
    "github.com/reef-pi/hal",
    "github.com/reef-pi/rpi/i2c",
  ]
  solver-name = "gps-cdcl"
  solver-version = 1
