# This file is autogenerated, do not edit; changes may be undone by the next 'dep ensure'.


[[projects]]
  branch = "pin_map"
  digest = "1:9997015ce59c4e5bec606a16ca098ac86f05d2a935bdcc58b50d547eab5f9c9d"
  name = "github.com/reef-pi/hal"
  packages = ["."]
  pruneopts = "UT"
  revision = "3fe5a41df67893defdbc2f975a5825f3e549963e"

[[projects]]
  branch = "pin_map"
  digest = "1:692c66cd5ea026fb3e2489befaff2911df90854f9ff9dc6721ff11768877a489"
  name = "github.com/reef-pi/rpi"
  packages = ["i2c"]
  pruneopts = "UT"
  revision = "877904f3fc4e736e8df845a122b6a1e0e726b942"

[solve-meta]
  analyzer-name = "dep"
  analyzer-version = 1
  input-imports = [
    "github.com/reef-pi/hal",
    "github.com/reef-pi/rpi/i2c",
  ]
  solver-name = "gps-cdcl"
  solver-version = 1
