# This file is autogenerated, do not edit; changes may be undone by the next 'dep ensure'.


[[projects]]
  branch = "master"
  digest = "1:80c9b00927fd43dab5eeac08433fa3f665f4b8661ccc590922cdd856d69d6676"
  name = "github.com/reef-pi/hal"
  packages = ["."]
  pruneopts = "UT"
  revision = "ff9ee5eb3c4692848323d466ce47090c223e8c60"

[[projects]]
  branch = "master"
  digest = "1:692c66cd5ea026fb3e2489befaff2911df90854f9ff9dc6721ff11768877a489"
  name = "github.com/reef-pi/rpi"
  packages = ["i2c"]
  pruneopts = "UT"
  revision = "3bdf80463c4d7fac14081c0661cb0665333203ad"

[solve-meta]
  analyzer-name = "dep"
  analyzer-version = 1
  input-imports = [
    "github.com/reef-pi/hal",
    "github.com/reef-pi/rpi/i2c",
  ]
  solver-name = "gps-cdcl"
  solver-version = 1
